
Microsoft Visual Studio Solution File, Format Version 12.00
# Visual Studio Version 17
VisualStudioVersion = 17.1.31903.286
MinimumVisualStudioVersion = 10.0.40219.1
Project("{FAE04EC0-301F-11D3-BF4B-00C04F79EFBC}") = "GitHubMonitorApp", "GitHubMonitorApp\GitHubMonitorApp.csproj", "{D9EF56A6-FA0E-445A-9834-5BE9A7B4703B}"
EndProject
Global
	GlobalSection(SolutionConfigurationPlatforms) = preSolution
		Debug|Any CPU = Debug|Any CPU
		Release|Any CPU = Release|Any CPU
	EndGlobalSection
	GlobalSection(ProjectConfigurationPlatforms) = postSolution
		{D9EF56A6-FA0E-445A-9834-5BE9A7B4703B}.Debug|Any CPU.ActiveCfg = Debug|Any CPU
		{D9EF56A6-FA0E-445A-9834-5BE9A7B4703B}.Debug|Any CPU.Build.0 = Debug|Any CPU
		{D9EF56A6-FA0E-445A-9834-5BE9A7B4703B}.Release|Any CPU.ActiveCfg = Release|Any CPU
		{D9EF56A6-FA0E-445A-9834-5BE9A7B4703B}.Release|Any CPU.Build.0 = Release|Any CPU
	EndGlobalSection
	GlobalSection(SolutionProperties) = preSolution
		HideSolutionNode = FALSE
	EndGlobalSection
	GlobalSection(ExtensibilityGlobals) = postSolution
		SolutionGuid = {182C1574-00D4-4425-9901-7E529368A452}
	EndGlobalSection
EndGlobal
